{
  "version": 4,
  "terraform_version": "1.2.2",
  "serial": 6,
  "lineage": "fdf54cf5-5213-a9af-a04e-7d1d72c16c67",
  "outputs": {
    "registry_id": {
      "value": "433585107196",
      "type": "string"
    },
    "repository_name": {
      "value": "ng-docker-registry",
      "type": "string"
    },
    "repository_url": {
      "value": "433585107196.dkr.ecr.eu-central-1.amazonaws.com/ng-docker-registry",
      "type": "string"
    }
  },
  "resources": [
    {
      "mode": "managed",
      "type": "aws_ecr_repository",
      "name": "repository",
      "provider": "provider[\"registry.terraform.io/hashicorp/aws\"]",
      "instances": [
        {
          "schema_version": 0,
          "attributes": {
            "arn": "arn:aws:ecr:eu-central-1:433585107196:repository/ng-docker-registry",
            "encryption_configuration": [
              {
                "encryption_type": "AES256",
                "kms_key": ""
              }
            ],
            "id": "ng-docker-registry",
            "image_scanning_configuration": [
              {
                "scan_on_push": true
              }
            ],
            "image_tag_mutability": "MUTABLE",
            "name": "ng-docker-registry",
            "registry_id": "433585107196",
            "repository_url": "433585107196.dkr.ecr.eu-central-1.amazonaws.com/ng-docker-registry",
            "tags": null,
            "tags_all": {},
            "timeouts": null
          },
          "sensitive_attributes": [],
          "private": "eyJlMmJmYjczMC1lY2FhLTExZTYtOGY4OC0zNDM2M2JjN2M0YzAiOnsiZGVsZXRlIjoxMjAwMDAwMDAwMDAwfX0="
        }
      ]
    }
  ]
}
